<?xml version="1.0" encoding="utf-8"?>
<Project ToolsVersion="4.0" xmlns="http://schemas.microsoft.com/developer/msbuild/2003">
  <ItemGroup>
    <Filter Include="Файлы исходного кода">
      <UniqueIdentifier>{4FC737F1-C7A5-4376-A066-2A32D752A2FF}</UniqueIdentifier>
      <Extensions>cpp;c;cc;cxx;def;odl;idl;hpj;bat;asm;asmx</Extensions>
    </Filter>
    <Filter Include="Заголовочные файлы">
      <UniqueIdentifier>{93995380-89BD-4b04-88EB-625FBE52EBFB}</UniqueIdentifier>
      <Extensions>h;hh;hpp;hxx;hm;inl;inc;xsd</Extensions>
    </Filter>
    <Filter Include="Файлы ресурсов">
      <UniqueIdentifier>{67DA6AB6-F800-4c08-8B7A-83BB121AAD01}</UniqueIdentifier>
      <Extensions>rc;ico;cur;bmp;dlg;rc2;rct;bin;rgs;gif;jpg;jpeg;jpe;resx;tiff;tif;png;wav;mfcribbon-ms</Extensions>
    </Filter>
    <Filter Include="libraries">
      <UniqueIdentifier>{2bf8398a-d8b2-4487-9c53-d8100546dcb7}</UniqueIdentifier>
    </Filter>
    <Filter Include="libraries\emGUI">
      <UniqueIdentifier>{78b471ed-c1cb-4ca6-a7a1-e05becfef273}</UniqueIdentifier>
    </Filter>
    <Filter Include="libraries\FIR-filter-class">
      <UniqueIdentifier>{9f255c70-6a86-4eb5-a48d-d9b2e8188a2c}</UniqueIdentifier>
    </Filter>
    <Filter Include="Fonts">
      <UniqueIdentifier>{b46b6ef3-39aa-424f-9ddc-b5a5f2c55676}</UniqueIdentifier>
    </Filter>
    <Filter Include="libraries\Adafruit-GFX">
      <UniqueIdentifier>{2ef005da-2b4c-4f95-a87c-1d3703dd2240}</UniqueIdentifier>
    </Filter>
    <Filter Include="libraries\emGUI\Unused">
      <UniqueIdentifier>{da7a8bfd-560e-4bee-9158-10b81c3074e6}</UniqueIdentifier>
    </Filter>
    <Filter Include="libraries\emGUI\tools">
      <UniqueIdentifier>{1afd82c7-14ab-47be-89b7-81bb9f95c94d}</UniqueIdentifier>
    </Filter>
  </ItemGroup>
  <ItemGroup>
    <Text Include="ReadMe.txt" />
  </ItemGroup>
  <ItemGroup>
    <ClInclude Include="stdafx.h">
      <Filter>Заголовочные файлы</Filter>
    </ClInclude>
    <ClInclude Include="targetver.h">
      <Filter>Заголовочные файлы</Filter>
    </ClInclude>
    <ClInclude Include="Resource.h">
      <Filter>Заголовочные файлы</Filter>
    </ClInclude>
    <ClInclude Include="emGUI-example.h">
      <Filter>Заголовочные файлы</Filter>
    </ClInclude>
    <ClInclude Include="GUI.h">
      <Filter>Заголовочные файлы</Filter>
    </ClInclude>
    <ClInclude Include="IIR_filter.h">
      <Filter>Заголовочные файлы</Filter>
    </ClInclude>
    <ClInclude Include="..\libraries\emGUI\Widgets\Button.h">
      <Filter>libraries\emGUI</Filter>
    </ClInclude>
    <ClInclude Include="..\libraries\emGUI\Widgets\Interface.h">
      <Filter>libraries\emGUI</Filter>
    </ClInclude>
    <ClInclude Include="..\libraries\emGUI\Widgets\Label.h">
      <Filter>libraries\emGUI</Filter>
    </ClInclude>
    <ClInclude Include="..\libraries\emGUI\Widgets\ModalDialog.h">
      <Filter>libraries\emGUI</Filter>
    </ClInclude>
    <ClInclude Include="..\libraries\emGUI\Widgets\Plot.h">
      <Filter>libraries\emGUI</Filter>
    </ClInclude>
    <ClInclude Include="..\libraries\emGUI\Widgets\StatusBar.h">
      <Filter>libraries\emGUI</Filter>
    </ClInclude>
    <ClInclude Include="..\libraries\emGUI\Widgets\Widget.h">
      <Filter>libraries\emGUI</Filter>
    </ClInclude>
    <ClInclude Include="..\libraries\emGUI\Widgets\Window.h">
      <Filter>libraries\emGUI</Filter>
    </ClInclude>
    <ClInclude Include="..\libraries\emGUI\emGUI.h">
      <Filter>libraries\emGUI</Filter>
    </ClInclude>
    <ClInclude Include="..\libraries\FIR-filter-class\filt.h">
      <Filter>libraries\FIR-filter-class</Filter>
    </ClInclude>
    <ClInclude Include="..\libraries\Adafruit-GFX\gfxfont.h">
      <Filter>libraries\Adafruit-GFX</Filter>
    </ClInclude>
    <ClInclude Include="..\libraries\Adafruit-GFX\Fonts\FreeMono12pt7b.h">
      <Filter>Fonts</Filter>
    </ClInclude>
    <ClInclude Include="..\libraries\Adafruit-GFX\Fonts\FreeMono18pt7b.h">
      <Filter>Fonts</Filter>
    </ClInclude>
    <ClInclude Include="..\libraries\Adafruit-GFX\Fonts\FreeMono24pt7b.h">
      <Filter>Fonts</Filter>
    </ClInclude>
    <ClInclude Include="..\libraries\Adafruit-GFX\Fonts\FreeMono9pt7b.h">
      <Filter>Fonts</Filter>
    </ClInclude>
    <ClInclude Include="..\libraries\Adafruit-GFX\Fonts\FreeMonoBold12pt7b.h">
      <Filter>Fonts</Filter>
    </ClInclude>
    <ClInclude Include="..\libraries\Adafruit-GFX\Fonts\FreeMonoBold18pt7b.h">
      <Filter>Fonts</Filter>
    </ClInclude>
    <ClInclude Include="..\libraries\Adafruit-GFX\Fonts\FreeMonoBold24pt7b.h">
      <Filter>Fonts</Filter>
    </ClInclude>
    <ClInclude Include="..\libraries\Adafruit-GFX\Fonts\FreeMonoBold9pt7b.h">
      <Filter>Fonts</Filter>
    </ClInclude>
    <ClInclude Include="..\libraries\Adafruit-GFX\Fonts\FreeMonoBoldOblique12pt7b.h">
      <Filter>Fonts</Filter>
    </ClInclude>
    <ClInclude Include="..\libraries\Adafruit-GFX\Fonts\FreeMonoBoldOblique18pt7b.h">
      <Filter>Fonts</Filter>
    </ClInclude>
    <ClInclude Include="..\libraries\Adafruit-GFX\Fonts\FreeMonoBoldOblique24pt7b.h">
      <Filter>Fonts</Filter>
    </ClInclude>
    <ClInclude Include="..\libraries\Adafruit-GFX\Fonts\FreeMonoBoldOblique9pt7b.h">
      <Filter>Fonts</Filter>
    </ClInclude>
    <ClInclude Include="..\libraries\Adafruit-GFX\Fonts\FreeMonoOblique12pt7b.h">
      <Filter>Fonts</Filter>
    </ClInclude>
    <ClInclude Include="..\libraries\Adafruit-GFX\Fonts\FreeMonoOblique18pt7b.h">
      <Filter>Fonts</Filter>
    </ClInclude>
    <ClInclude Include="..\libraries\Adafruit-GFX\Fonts\FreeMonoOblique24pt7b.h">
      <Filter>Fonts</Filter>
    </ClInclude>
    <ClInclude Include="..\libraries\Adafruit-GFX\Fonts\FreeMonoOblique9pt7b.h">
      <Filter>Fonts</Filter>
    </ClInclude>
    <ClInclude Include="..\libraries\Adafruit-GFX\Fonts\FreeSans12pt7b.h">
      <Filter>Fonts</Filter>
    </ClInclude>
    <ClInclude Include="..\libraries\Adafruit-GFX\Fonts\FreeSans18pt7b.h">
      <Filter>Fonts</Filter>
    </ClInclude>
    <ClInclude Include="..\libraries\Adafruit-GFX\Fonts\FreeSans24pt7b.h">
      <Filter>Fonts</Filter>
    </ClInclude>
    <ClInclude Include="..\libraries\Adafruit-GFX\Fonts\FreeSans9pt7b.h">
      <Filter>Fonts</Filter>
    </ClInclude>
    <ClInclude Include="..\libraries\Adafruit-GFX\Fonts\FreeSansBold12pt7b.h">
      <Filter>Fonts</Filter>
    </ClInclude>
    <ClInclude Include="..\libraries\Adafruit-GFX\Fonts\FreeSansBold18pt7b.h">
      <Filter>Fonts</Filter>
    </ClInclude>
    <ClInclude Include="..\libraries\Adafruit-GFX\Fonts\FreeSansBold24pt7b.h">
      <Filter>Fonts</Filter>
    </ClInclude>
    <ClInclude Include="..\libraries\Adafruit-GFX\Fonts\FreeSansBold9pt7b.h">
      <Filter>Fonts</Filter>
    </ClInclude>
    <ClInclude Include="..\libraries\Adafruit-GFX\Fonts\FreeSansBoldOblique12pt7b.h">
      <Filter>Fonts</Filter>
    </ClInclude>
    <ClInclude Include="..\libraries\Adafruit-GFX\Fonts\FreeSansBoldOblique18pt7b.h">
      <Filter>Fonts</Filter>
    </ClInclude>
    <ClInclude Include="..\libraries\Adafruit-GFX\Fonts\FreeSansBoldOblique24pt7b.h">
      <Filter>Fonts</Filter>
    </ClInclude>
    <ClInclude Include="..\libraries\Adafruit-GFX\Fonts\FreeSansBoldOblique9pt7b.h">
      <Filter>Fonts</Filter>
    </ClInclude>
    <ClInclude Include="..\libraries\Adafruit-GFX\Fonts\FreeSansOblique12pt7b.h">
      <Filter>Fonts</Filter>
    </ClInclude>
    <ClInclude Include="..\libraries\Adafruit-GFX\Fonts\FreeSansOblique18pt7b.h">
      <Filter>Fonts</Filter>
    </ClInclude>
    <ClInclude Include="..\libraries\Adafruit-GFX\Fonts\FreeSansOblique24pt7b.h">
      <Filter>Fonts</Filter>
    </ClInclude>
    <ClInclude Include="..\libraries\Adafruit-GFX\Fonts\FreeSansOblique9pt7b.h">
      <Filter>Fonts</Filter>
    </ClInclude>
    <ClInclude Include="..\libraries\Adafruit-GFX\Fonts\FreeSerif12pt7b.h">
      <Filter>Fonts</Filter>
    </ClInclude>
    <ClInclude Include="..\libraries\Adafruit-GFX\Fonts\FreeSerif18pt7b.h">
      <Filter>Fonts</Filter>
    </ClInclude>
    <ClInclude Include="..\libraries\Adafruit-GFX\Fonts\FreeSerif24pt7b.h">
      <Filter>Fonts</Filter>
    </ClInclude>
    <ClInclude Include="..\libraries\Adafruit-GFX\Fonts\FreeSerif9pt7b.h">
      <Filter>Fonts</Filter>
    </ClInclude>
    <ClInclude Include="..\libraries\Adafruit-GFX\Fonts\FreeSerifBold12pt7b.h">
      <Filter>Fonts</Filter>
    </ClInclude>
    <ClInclude Include="..\libraries\Adafruit-GFX\Fonts\FreeSerifBold18pt7b.h">
      <Filter>Fonts</Filter>
    </ClInclude>
    <ClInclude Include="..\libraries\Adafruit-GFX\Fonts\FreeSerifBold24pt7b.h">
      <Filter>Fonts</Filter>
    </ClInclude>
    <ClInclude Include="..\libraries\Adafruit-GFX\Fonts\FreeSerifBold9pt7b.h">
      <Filter>Fonts</Filter>
    </ClInclude>
    <ClInclude Include="..\libraries\Adafruit-GFX\Fonts\FreeSerifBoldItalic12pt7b.h">
      <Filter>Fonts</Filter>
    </ClInclude>
    <ClInclude Include="..\libraries\Adafruit-GFX\Fonts\FreeSerifBoldItalic18pt7b.h">
      <Filter>Fonts</Filter>
    </ClInclude>
    <ClInclude Include="..\libraries\Adafruit-GFX\Fonts\FreeSerifBoldItalic24pt7b.h">
      <Filter>Fonts</Filter>
    </ClInclude>
    <ClInclude Include="..\libraries\Adafruit-GFX\Fonts\FreeSerifBoldItalic9pt7b.h">
      <Filter>Fonts</Filter>
    </ClInclude>
    <ClInclude Include="..\libraries\Adafruit-GFX\Fonts\FreeSerifItalic12pt7b.h">
      <Filter>Fonts</Filter>
    </ClInclude>
    <ClInclude Include="..\libraries\Adafruit-GFX\Fonts\FreeSerifItalic18pt7b.h">
      <Filter>Fonts</Filter>
    </ClInclude>
    <ClInclude Include="..\libraries\Adafruit-GFX\Fonts\FreeSerifItalic24pt7b.h">
      <Filter>Fonts</Filter>
    </ClInclude>
    <ClInclude Include="..\libraries\Adafruit-GFX\Fonts\FreeSerifItalic9pt7b.h">
      <Filter>Fonts</Filter>
    </ClInclude>
    <ClInclude Include="..\libraries\Adafruit-GFX\Fonts\Org_01.h">
      <Filter>Fonts</Filter>
    </ClInclude>
    <ClInclude Include="..\libraries\Adafruit-GFX\Fonts\Picopixel.h">
      <Filter>Fonts</Filter>
    </ClInclude>
    <ClInclude Include="..\libraries\Adafruit-GFX\Fonts\TomThumb.h">
      <Filter>Fonts</Filter>
    </ClInclude>
    <ClInclude Include="emGUI_port_opts.h">
      <Filter>Заголовочные файлы</Filter>
    </ClInclude>
    <ClInclude Include="..\libraries\emGUI\options\opts.h">
      <Filter>libraries\emGUI</Filter>
    </ClInclude>
    <ClInclude Include="emGUIGlue.h">
      <Filter>Заголовочные файлы</Filter>
    </ClInclude>
    <ClInclude Include="..\libraries\emGUI\Widgets\Console.h">
      <Filter>libraries\emGUI\Unused</Filter>
    </ClInclude>
    <ClInclude Include="..\libraries\emGUI\Widgets\KeyBoard.h">
      <Filter>libraries\emGUI\Unused</Filter>
    </ClInclude>
    <ClInclude Include="..\libraries\emGUI\Widgets\KeyRow.h">
      <Filter>libraries\emGUI\Unused</Filter>
    </ClInclude>
    <ClInclude Include="..\libraries\emGUI\Widgets\PictureStack.h">
      <Filter>libraries\emGUI\Unused</Filter>
    </ClInclude>
    <ClInclude Include="..\libraries\emGUI\Widgets\ProgressBar.h">
      <Filter>libraries\emGUI\Unused</Filter>
    </ClInclude>
    <ClInclude Include="..\libraries\emGUI\Draw\Draw.h">
      <Filter>libraries\emGUI\tools</Filter>
    </ClInclude>
  </ItemGroup>
  <ItemGroup>
    <ClCompile Include="stdafx.cpp">
      <Filter>Файлы исходного кода</Filter>
    </ClCompile>
    <ClCompile Include="emGUI-example.cpp">
      <Filter>Файлы исходного кода</Filter>
    </ClCompile>
    <ClCompile Include="GUI.cpp">
      <Filter>Файлы исходного кода</Filter>
    </ClCompile>
    <ClCompile Include="IIR_filter.cpp">
      <Filter>Файлы исходного кода</Filter>
    </ClCompile>
    <ClCompile Include="..\libraries\emGUI\Widgets\Button.c">
      <Filter>libraries\emGUI</Filter>
    </ClCompile>
    <ClCompile Include="..\libraries\emGUI\Widgets\Interface.c">
      <Filter>libraries\emGUI</Filter>
    </ClCompile>
    <ClCompile Include="..\libraries\emGUI\Widgets\Label.c">
      <Filter>libraries\emGUI</Filter>
    </ClCompile>
    <ClCompile Include="..\libraries\emGUI\Widgets\ModalDialog.c">
      <Filter>libraries\emGUI</Filter>
    </ClCompile>
    <ClCompile Include="..\libraries\emGUI\Widgets\Plot.c">
      <Filter>libraries\emGUI</Filter>
    </ClCompile>
    <ClCompile Include="..\libraries\emGUI\Widgets\StatusBar.c">
      <Filter>libraries\emGUI</Filter>
    </ClCompile>
    <ClCompile Include="..\libraries\emGUI\Widgets\Widget.c">
      <Filter>libraries\emGUI</Filter>
    </ClCompile>
    <ClCompile Include="..\libraries\emGUI\Widgets\Window.c">
      <Filter>libraries\emGUI</Filter>
    </ClCompile>
    <ClCompile Include="..\libraries\FIR-filter-class\filt.cpp">
      <Filter>libraries\FIR-filter-class</Filter>
    </ClCompile>
    <ClCompile Include="emGUIGlue.cpp">
      <Filter>Файлы исходного кода</Filter>
    </ClCompile>
    <ClCompile Include="..\libraries\emGUI\Widgets\Console.c">
      <Filter>libraries\emGUI\Unused</Filter>
    </ClCompile>
    <ClCompile Include="..\libraries\emGUI\Widgets\KeyBoard.c">
      <Filter>libraries\emGUI\Unused</Filter>
    </ClCompile>
    <ClCompile Include="..\libraries\emGUI\Widgets\KeyRow.c">
      <Filter>libraries\emGUI\Unused</Filter>
    </ClCompile>
    <ClCompile Include="..\libraries\emGUI\Widgets\PictureStack.c">
      <Filter>libraries\emGUI\Unused</Filter>
    </ClCompile>
    <ClCompile Include="..\libraries\emGUI\Widgets\ProgressBar.c">
      <Filter>libraries\emGUI\Unused</Filter>
    </ClCompile>
    <ClCompile Include="..\libraries\emGUI\Draw\Draw.c">
      <Filter>libraries\emGUI\tools</Filter>
    </ClCompile>
  </ItemGroup>
  <ItemGroup>
    <ResourceCompile Include="emGUI-example.rc">
      <Filter>Файлы ресурсов</Filter>
    </ResourceCompile>
  </ItemGroup>
  <ItemGroup>
    <Image Include="small.ico">
      <Filter>Файлы ресурсов</Filter>
    </Image>
    <Image Include="emGUI-example.ico">
      <Filter>Файлы ресурсов</Filter>
    </Image>
  </ItemGroup>
</Project>