<?xml version="1.0" encoding="utf-8"?>
<Project ToolsVersion="4.0" xmlns="http://schemas.microsoft.com/developer/msbuild/2003">
  <ItemGroup>
    <Filter Include="Файлы исходного кода">
      <UniqueIdentifier>{4FC737F1-C7A5-4376-A066-2A32D752A2FF}</UniqueIdentifier>
      <Extensions>cpp;c;cc;cxx;def;odl;idl;hpj;bat;asm;asmx</Extensions>
    </Filter>
    <Filter Include="Заголовочные файлы">
      <UniqueIdentifier>{93995380-89BD-4b04-88EB-625FBE52EBFB}</UniqueIdentifier>
      <Extensions>h;hh;hpp;hxx;hm;inl;inc;xsd</Extensions>
    </Filter>
    <Filter Include="Файлы ресурсов">
      <UniqueIdentifier>{67DA6AB6-F800-4c08-8B7A-83BB121AAD01}</UniqueIdentifier>
      <Extensions>rc;ico;cur;bmp;dlg;rc2;rct;bin;rgs;gif;jpg;jpeg;jpe;resx;tiff;tif;png;wav;mfcribbon-ms</Extensions>
    </Filter>
    <Filter Include="emGUI">
      <UniqueIdentifier>{7f59601c-f398-4cb5-9cef-e455ead25dd8}</UniqueIdentifier>
    </Filter>
    <Filter Include="emGUI\Widgets">
      <UniqueIdentifier>{02b4ff5d-4ac0-41be-82d6-8a480764c08b}</UniqueIdentifier>
    </Filter>
    <Filter Include="emGUI\Images">
      <UniqueIdentifier>{eb530a55-4e6c-46fb-ad3a-94753e11f5a2}</UniqueIdentifier>
    </Filter>
    <Filter Include="emGUI\Fonts">
      <UniqueIdentifier>{e53b6686-d4c9-4c5a-8c40-097cbbdc97dd}</UniqueIdentifier>
    </Filter>
  </ItemGroup>
  <ItemGroup>
    <Text Include="ReadMe.txt" />
  </ItemGroup>
  <ItemGroup>
    <ClInclude Include="stdafx.h">
      <Filter>Заголовочные файлы</Filter>
    </ClInclude>
    <ClInclude Include="targetver.h">
      <Filter>Заголовочные файлы</Filter>
    </ClInclude>
    <ClInclude Include="Resource.h">
      <Filter>Заголовочные файлы</Filter>
    </ClInclude>
    <ClInclude Include="emGUI-example.h">
      <Filter>Заголовочные файлы</Filter>
    </ClInclude>
    <ClInclude Include="..\emGUI\Interface.h">
      <Filter>emGUI</Filter>
    </ClInclude>
    <ClInclude Include="..\emGUI\Widget.h">
      <Filter>emGUI</Filter>
    </ClInclude>
    <ClInclude Include="..\emGUI\Widgets\Button.h">
      <Filter>emGUI\Widgets</Filter>
    </ClInclude>
    <ClInclude Include="..\emGUI\Widgets\Label.h">
      <Filter>emGUI\Widgets</Filter>
    </ClInclude>
    <ClInclude Include="..\emGUI\Widgets\StatusBar.h">
      <Filter>emGUI\Widgets</Filter>
    </ClInclude>
    <ClInclude Include="..\emGUI\Widgets\Window.h">
      <Filter>emGUI\Widgets</Filter>
    </ClInclude>
    <ClInclude Include="..\emGUI\emGUI.h">
      <Filter>emGUI</Filter>
    </ClInclude>
    <ClInclude Include="..\emGUI\Fonts\Font.h">
      <Filter>emGUI\Fonts</Filter>
    </ClInclude>
  </ItemGroup>
  <ItemGroup>
    <ClCompile Include="stdafx.cpp">
      <Filter>Файлы исходного кода</Filter>
    </ClCompile>
    <ClCompile Include="emGUI-example.cpp">
      <Filter>Файлы исходного кода</Filter>
    </ClCompile>
    <ClCompile Include="..\emGUI\Interface.c">
      <Filter>emGUI</Filter>
    </ClCompile>
    <ClCompile Include="..\emGUI\Widget.c">
      <Filter>emGUI</Filter>
    </ClCompile>
    <ClCompile Include="..\emGUI\Widgets\Button.c">
      <Filter>emGUI\Widgets</Filter>
    </ClCompile>
    <ClCompile Include="..\emGUI\Widgets\Label.c">
      <Filter>emGUI\Widgets</Filter>
    </ClCompile>
    <ClCompile Include="..\emGUI\Widgets\StatusBar.c">
      <Filter>emGUI\Widgets</Filter>
    </ClCompile>
    <ClCompile Include="..\emGUI\Widgets\Window.c">
      <Filter>emGUI\Widgets</Filter>
    </ClCompile>
    <ClCompile Include="..\emGUI\Fonts\Font.c">
      <Filter>emGUI\Fonts</Filter>
    </ClCompile>
    <ClCompile Include="..\emGUI\Fonts\Font8.c">
      <Filter>emGUI\Fonts</Filter>
    </ClCompile>
  </ItemGroup>
  <ItemGroup>
    <ResourceCompile Include="emGUI-example.rc">
      <Filter>Файлы ресурсов</Filter>
    </ResourceCompile>
  </ItemGroup>
  <ItemGroup>
    <Image Include="small.ico">
      <Filter>Файлы ресурсов</Filter>
    </Image>
    <Image Include="emGUI-example.ico">
      <Filter>Файлы ресурсов</Filter>
    </Image>
  </ItemGroup>
  <ItemGroup>
    <None Include="..\emGUI\eWidgetType.def">
      <Filter>emGUI</Filter>
    </None>
  </ItemGroup>
</Project>